
Microsoft Visual Studio Solution File, Format Version 12.00
# Visual Studio Version 17
VisualStudioVersion = 17.4.33213.308
MinimumVisualStudioVersion = 10.0.40219.1
Project("{FAE04EC0-301F-11D3-BF4B-00C04F79EFBC}") = "TuringMachines", "TuringMachines.csproj", "{5C445877-4028-408A-9953-8AC40AD9DA29}"
EndProject
Global
	GlobalSection(SolutionConfigurationPlatforms) = preSolution
		Debug|Any CPU = Debug|Any CPU
		Release|Any CPU = Release|Any CPU
	EndGlobalSection
	GlobalSection(ProjectConfigurationPlatforms) = postSolution
		{5C445877-4028-408A-9953-8AC40AD9DA29}.Debug|Any CPU.ActiveCfg = Debug|Any CPU
		{5C445877-4028-408A-9953-8AC40AD9DA29}.Debug|Any CPU.Build.0 = Debug|Any CPU
		{5C445877-4028-408A-9953-8AC40AD9DA29}.Release|Any CPU.ActiveCfg = Release|Any CPU
		{5C445877-4028-408A-9953-8AC40AD9DA29}.Release|Any CPU.Build.0 = Release|Any CPU
	EndGlobalSection
	GlobalSection(SolutionProperties) = preSolution
		HideSolutionNode = FALSE
	EndGlobalSection
	GlobalSection(ExtensibilityGlobals) = postSolution
		SolutionGuid = {E09A1678-D91C-43CF-A0B5-A49991FB0F23}
	EndGlobalSection
EndGlobal
